
Microsoft Visual Studio Solution File, Format Version 12.00
# Visual Studio 15
Project("{FAE04EC0-301F-11D3-BF4B-00C04F79EFBC}") = "Assembly-CSharp", "Assembly-CSharp.csproj", "{7AC0187B-5526-BEC9-71B2-63B53321F7F4}"
EndProject
Project("{FAE04EC0-301F-11D3-BF4B-00C04F79EFBC}") = "Assembly-CSharp-Editor", "Assembly-CSharp-Editor.csproj", "{6277E91B-5644-E102-1C2F-9B1053CCC4D9}"
EndProject
Global
	GlobalSection(SolutionConfigurationPlatforms) = preSolution
		Debug|Any CPU = Debug|Any CPU
		Release|Any CPU = Release|Any CPU
	EndGlobalSection
	GlobalSection(ProjectConfigurationPlatforms) = postSolution
		{7AC0187B-5526-BEC9-71B2-63B53321F7F4}.Debug|Any CPU.ActiveCfg = Debug|Any CPU
		{7AC0187B-5526-BEC9-71B2-63B53321F7F4}.Debug|Any CPU.Build.0 = Debug|Any CPU
		{7AC0187B-5526-BEC9-71B2-63B53321F7F4}.Release|Any CPU.ActiveCfg = Release|Any CPU
		{7AC0187B-5526-BEC9-71B2-63B53321F7F4}.Release|Any CPU.Build.0 = Release|Any CPU
		{6277E91B-5644-E102-1C2F-9B1053CCC4D9}.Debug|Any CPU.ActiveCfg = Debug|Any CPU
		{6277E91B-5644-E102-1C2F-9B1053CCC4D9}.Debug|Any CPU.Build.0 = Debug|Any CPU
		{6277E91B-5644-E102-1C2F-9B1053CCC4D9}.Release|Any CPU.ActiveCfg = Release|Any CPU
		{6277E91B-5644-E102-1C2F-9B1053CCC4D9}.Release|Any CPU.Build.0 = Release|Any CPU
	EndGlobalSection
	GlobalSection(SolutionProperties) = preSolution
		HideSolutionNode = FALSE
	EndGlobalSection
EndGlobal
